
Microsoft Visual Studio Solution File, Format Version 12.00
# Visual Studio Version 17
VisualStudioVersion = 17.14.36518.9 d17.14
MinimumVisualStudioVersion = 10.0.40219.1
Project("{FAE04EC0-301F-11D3-BF4B-00C04F79EFBC}") = "file.storage.v2", "file.storage.v2\file.storage.v2.csproj", "{52744866-FED2-4023-9DF0-DCF9028615C3}"
EndProject
Global
	GlobalSection(SolutionConfigurationPlatforms) = preSolution
		Debug|Any CPU = Debug|Any CPU
		Release|Any CPU = Release|Any CPU
	EndGlobalSection
	GlobalSection(ProjectConfigurationPlatforms) = postSolution
		{52744866-FED2-4023-9DF0-DCF9028615C3}.Debug|Any CPU.ActiveCfg = Debug|Any CPU
		{52744866-FED2-4023-9DF0-DCF9028615C3}.Debug|Any CPU.Build.0 = Debug|Any CPU
		{52744866-FED2-4023-9DF0-DCF9028615C3}.Release|Any CPU.ActiveCfg = Release|Any CPU
		{52744866-FED2-4023-9DF0-DCF9028615C3}.Release|Any CPU.Build.0 = Release|Any CPU
	EndGlobalSection
	GlobalSection(SolutionProperties) = preSolution
		HideSolutionNode = FALSE
	EndGlobalSection
	GlobalSection(ExtensibilityGlobals) = postSolution
		SolutionGuid = {5818AF4C-4FAB-4028-AB6D-D8AA8B9A23BB}
	EndGlobalSection
EndGlobal
